
Microsoft Visual Studio Solution File, Format Version 12.00
# Visual Studio Version 17
VisualStudioVersion = 17.13.35825.156 d17.13
MinimumVisualStudioVersion = 10.0.40219.1
Project("{FAE04EC0-301F-11D3-BF4B-00C04F79EFBC}") = "PraktikumADO", "PraktikumADO\PraktikumADO.csproj", "{F35ACB08-87E3-4E00-B792-2F34C9FF5E8F}"
EndProject
Global
	GlobalSection(SolutionConfigurationPlatforms) = preSolution
		Debug|Any CPU = Debug|Any CPU
		Release|Any CPU = Release|Any CPU
	EndGlobalSection
	GlobalSection(ProjectConfigurationPlatforms) = postSolution
		{F35ACB08-87E3-4E00-B792-2F34C9FF5E8F}.Debug|Any CPU.ActiveCfg = Debug|Any CPU
		{F35ACB08-87E3-4E00-B792-2F34C9FF5E8F}.Debug|Any CPU.Build.0 = Debug|Any CPU
		{F35ACB08-87E3-4E00-B792-2F34C9FF5E8F}.Release|Any CPU.ActiveCfg = Release|Any CPU
		{F35ACB08-87E3-4E00-B792-2F34C9FF5E8F}.Release|Any CPU.Build.0 = Release|Any CPU
	EndGlobalSection
	GlobalSection(SolutionProperties) = preSolution
		HideSolutionNode = FALSE
	EndGlobalSection
	GlobalSection(ExtensibilityGlobals) = postSolution
		SolutionGuid = {F50259FD-9D88-4AFD-9ECC-B319B68F5941}
	EndGlobalSection
EndGlobal
